{
  "name": "planner",
  "lockfileVersion": 3,
  "requires": true,
  "packages": {
    "": {
      "dependencies": {
        "@ant-design/icons": "^6.3.2",
        "dayjs": "^1.11.21"
      }
    },
    "node_modules/@ant-design/colors": {
      "version": "8.0.1",
      "resolved": "https://registry.npmjs.org/@ant-design/colors/-/colors-8.0.1.tgz",
      "integrity": "sha512-foPVl0+SWIslGUtD/xBr1p9U4AKzPhNYEseXYRRo5QSzGACYZrQbe11AYJbYfAWnWSpGBx6JjBmSeugUsD9vqQ==",
      "license": "MIT",
      "dependencies": {
        "@ant-design/fast-color": "^3.0.0"
      }
    },
    "node_modules/@ant-design/fast-color": {
      "version": "3.0.1",
      "resolved": "https://registry.npmjs.org/@ant-design/fast-color/-/fast-color-3.0.1.tgz",
      "integrity": "sha512-esKJegpW4nckh0o6kV3Tkb7NPIZYbPnnFxmQDUmL08ukXZAvV85TZBr70eGuke/CIArLaP6aw8lt9KILjnWuOw==",
      "license": "MIT",
      "engines": {
        "node": ">=8.x"
      }
    },
    "node_modules/@ant-design/icons": {
      "version": "6.3.2",
      "resolved": "https://registry.npmjs.org/@ant-design/icons/-/icons-6.3.2.tgz",
      "integrity": "sha512-B6O5a5XJ4wjtNOfZejXYwHW5zvKV5gYkjGf11dHGLEbKn0ABDGndo41+gfIiXyTFhvESj4XTotuud33mUFid0g==",
      "license": "MIT",
      "dependencies": {
        "@ant-design/colors": "^8.0.1",
        "@ant-design/icons-svg": "^4.5.0",
        "@rc-component/util": "^1.11.0",
        "clsx": "^2.1.1"
      },
      "engines": {
        "node": ">=8"
      },
      "peerDependencies": {
        "react": ">=16.0.0",
        "react-dom": ">=16.0.0"
      }
    },
    "node_modules/@ant-design/icons-svg": {
      "version": "4.5.0",
      "resolved": "https://registry.npmjs.org/@ant-design/icons-svg/-/icons-svg-4.5.0.tgz",
      "integrity": "sha512-1BTUFyKPTBZ53MuTP8s0k5SFEXL7o3VHEOwLgzaoWKwnBeqIcqUtVshc4SKzhI6uACfqhJqBwBUE9FsWR3uULA==",
      "license": "MIT"
    },
    "node_modules/@rc-component/util": {
      "version": "1.12.0",
      "resolved": "https://registry.npmjs.org/@rc-component/util/-/util-1.12.0.tgz",
      "integrity": "sha512-AEjPL8JVdohIITaiXokyjL9WQ6tKWWjAYK9QU16tGNE9JaQABBQy+hA4H2Lup5MgXy9yY3iLrbZJheuU13hTdQ==",
      "license": "MIT",
      "dependencies": {
        "is-mobile": "^5.0.0",
        "react-is": "^19.2.7"
      },
      "peerDependencies": {
        "react": ">=18.0.0",
        "react-dom": ">=18.0.0"
      }
    },
    "node_modules/clsx": {
      "version": "2.1.1",
      "resolved": "https://registry.npmjs.org/clsx/-/clsx-2.1.1.tgz",
      "integrity": "sha512-eYm0QWBtUrBWZWG0d386OGAw16Z995PiOVo2B7bjWSbHedGl5e0ZWaq65kOGgUSNesEIDkB9ISbTg/JK9dhCZA==",
      "license": "MIT",
      "engines": {
        "node": ">=6"
      }
    },
    "node_modules/dayjs": {
      "version": "1.11.21",
      "resolved": "https://registry.npmjs.org/dayjs/-/dayjs-1.11.21.tgz",
      "integrity": "sha512-98IT+HOahAisibz/yjKbzuOBwYcjJ7BCLPzARyHiyEBmRz4fatF+KPJszEHXsGYjUG234aH/cOjW1wwTbKUZlA==",
      "license": "MIT"
    },
    "node_modules/is-mobile": {
      "version": "5.0.0",
      "resolved": "https://registry.npmjs.org/is-mobile/-/is-mobile-5.0.0.tgz",
      "integrity": "sha512-Tz/yndySvLAEXh+Uk8liFCxOwVH6YutuR74utvOcu7I9Di+DwM0mtdPVZNaVvvBUM2OXxne/NhOs1zAO7riusQ==",
      "license": "MIT"
    },
    "node_modules/react": {
      "version": "19.2.8",
      "resolved": "https://registry.npmjs.org/react/-/react-19.2.8.tgz",
      "integrity": "sha512-PWaYA1L/q9u2u7xYQi+Y3L3Yfnie7XyLeaJICV1MGD6LprsBxcAqGjYyr0eY3p+QdsA+x/Irkt4Qif8D63+Sbw==",
      "license": "MIT",
      "peer": true,
      "engines": {
        "node": ">=0.10.0"
      }
    },
    "node_modules/react-dom": {
      "version": "19.2.8",
      "resolved": "https://registry.npmjs.org/react-dom/-/react-dom-19.2.8.tgz",
      "integrity": "sha512-rVprimfGBG3DR+Tq0IQG2DT5PxKth1WIGDmj5yPmlzr4YBe7uyE+Du4oVqTDXZSHGGGXRtTJEGSSePyQCMBglQ==",
      "license": "MIT",
      "peer": true,
      "dependencies": {
        "scheduler": "^0.27.0"
      },
      "peerDependencies": {
        "react": "^19.2.8"
      }
    },
    "node_modules/react-is": {
      "version": "19.2.8",
      "resolved": "https://registry.npmjs.org/react-is/-/react-is-19.2.8.tgz",
      "integrity": "sha512-s5un28nYxKJw5gvUHyW5PCC28CvBqLu9r3cWgzHT4Vo/5fqqkFcdRYsGcKf50WMPpjjFZS5d76fn3YCo2njKwQ==",
      "license": "MIT"
    },
    "node_modules/scheduler": {
      "version": "0.27.0",
      "resolved": "https://registry.npmjs.org/scheduler/-/scheduler-0.27.0.tgz",
      "integrity": "sha512-eNv+WrVbKu1f3vbYJT/xtiF5syA5HPIMtf9IgY/nKg0sWqzAUEvqY/xm7OcZc/qafLx/iO9FgOmeSAp4v5ti/Q==",
      "license": "MIT",
      "peer": true
    }
  }
}
